// !$*UTF8*$!
{
	archiveVersion = 1;
	classes = {
	};
	objectVersion = 46;
	objects = {

/* Begin PBXBuildFile section */
		0B0F5B6A1E64406B00057F91 /* ModelData.swift in Sources */ = {isa = PBXBuildFile; fileRef = 0B0F5B691E64406B00057F91 /* ModelData.swift */; };
		0B0F5B6C1E645E1600057F91 /* AddProfileTableViewCell.swift in Sources */ = {isa = PBXBuildFile; fileRef = 0B0F5B6B1E645E1600057F91 /* AddProfileTableViewCell.swift */; };
		0B0F5B6E1E6463A300057F91 /* ProfileTableViewCell.swift in Sources */ = {isa = PBXBuildFile; fileRef = 0B0F5B6D1E6463A300057F91 /* ProfileTableViewCell.swift */; };
		0B31E8361E4FC3AB000B60B0 /* ProfileSelectTableViewController.swift in Sources */ = {isa = PBXBuildFile; fileRef = 0B31E8351E4FC3AB000B60B0 /* ProfileSelectTableViewController.swift */; };
		0B3A41151E3BA7FB00E17EE7 /* Environment.swift in Sources */ = {isa = PBXBuildFile; fileRef = 0B3A41141E3BA7FB00E17EE7 /* Environment.swift */; };
		0B3A41171E3BAA3700E17EE7 /* CoreDataModel.swift in Sources */ = {isa = PBXBuildFile; fileRef = 0B3A41161E3BAA3700E17EE7 /* CoreDataModel.swift */; };
		0B3FFE9A1E13BFDD00CED55F /* LetterSelectionViewController.swift in Sources */ = {isa = PBXBuildFile; fileRef = 0B3FFE991E13BFDC00CED55F /* LetterSelectionViewController.swift */; };
		0B5631DB1E545CA500B22A3D /* ViewControllerProtocol.swift in Sources */ = {isa = PBXBuildFile; fileRef = 0B5631DA1E545CA500B22A3D /* ViewControllerProtocol.swift */; };
		0B76B9281E37A2D000BCC419 /* XCTest.framework in Frameworks */ = {isa = PBXBuildFile; fileRef = 0B76B9261E37A2D000BCC419 /* XCTest.framework */; };
		0B76B92A1E38EBAE00BCC419 /* avatars.json in Resources */ = {isa = PBXBuildFile; fileRef = 0B76B9291E38EBAE00BCC419 /* avatars.json */; };
		0B76B92B1E38EBAE00BCC419 /* avatars.json in Resources */ = {isa = PBXBuildFile; fileRef = 0B76B9291E38EBAE00BCC419 /* avatars.json */; };
		0B9AA6EE1E5DF91E0009E2D8 /* SnapKit.framework in Frameworks */ = {isa = PBXBuildFile; fileRef = 0B9AA6ED1E5DF91E0009E2D8 /* SnapKit.framework */; };
		0B9AA6EF1E5DF91E0009E2D8 /* SnapKit.framework in Embed Frameworks */ = {isa = PBXBuildFile; fileRef = 0B9AA6ED1E5DF91E0009E2D8 /* SnapKit.framework */; settings = {ATTRIBUTES = (CodeSignOnCopy, RemoveHeadersOnCopy, ); }; };
		0B9AA6F21E5F3AA90009E2D8 /* Gloss.framework in Frameworks */ = {isa = PBXBuildFile; fileRef = 0B9AA6F11E5F3AA90009E2D8 /* Gloss.framework */; };
		0B9AA6F41E5F3AB20009E2D8 /* Gloss.framework in Embed Frameworks */ = {isa = PBXBuildFile; fileRef = 0B9AA6F11E5F3AA90009E2D8 /* Gloss.framework */; settings = {ATTRIBUTES = (CodeSignOnCopy, RemoveHeadersOnCopy, ); }; };
		0BC4ECB91E65C2E900DFF288 /* Alamofire.framework in Frameworks */ = {isa = PBXBuildFile; fileRef = 0BC4ECB81E65C2E900DFF288 /* Alamofire.framework */; };
		0BC4ECBA1E65C2F000DFF288 /* Alamofire.framework in Frameworks */ = {isa = PBXBuildFile; fileRef = 0BC4ECB81E65C2E900DFF288 /* Alamofire.framework */; };
		0BC4ECBB1E65C2F000DFF288 /* Alamofire.framework in Embed Frameworks */ = {isa = PBXBuildFile; fileRef = 0BC4ECB81E65C2E900DFF288 /* Alamofire.framework */; settings = {ATTRIBUTES = (CodeSignOnCopy, RemoveHeadersOnCopy, ); }; };
		0BC9B14F1E3009E0003D2843 /* ReactiveCocoa.framework in Frameworks */ = {isa = PBXBuildFile; fileRef = 0BC9B1491E3009E0003D2843 /* ReactiveCocoa.framework */; };
		0BC9B1501E3009E0003D2843 /* ReactiveCocoa.framework in Embed Frameworks */ = {isa = PBXBuildFile; fileRef = 0BC9B1491E3009E0003D2843 /* ReactiveCocoa.framework */; settings = {ATTRIBUTES = (CodeSignOnCopy, RemoveHeadersOnCopy, ); }; };
		0BC9B1511E3009E0003D2843 /* ReactiveSwift.framework in Frameworks */ = {isa = PBXBuildFile; fileRef = 0BC9B14B1E3009E0003D2843 /* ReactiveSwift.framework */; };
		0BC9B1521E3009E0003D2843 /* ReactiveSwift.framework in Embed Frameworks */ = {isa = PBXBuildFile; fileRef = 0BC9B14B1E3009E0003D2843 /* ReactiveSwift.framework */; settings = {ATTRIBUTES = (CodeSignOnCopy, RemoveHeadersOnCopy, ); }; };
		0BC9B1531E3009E0003D2843 /* Result.framework in Frameworks */ = {isa = PBXBuildFile; fileRef = 0BC9B14D1E3009E0003D2843 /* Result.framework */; };
		0BC9B1541E3009E0003D2843 /* Result.framework in Embed Frameworks */ = {isa = PBXBuildFile; fileRef = 0BC9B14D1E3009E0003D2843 /* Result.framework */; settings = {ATTRIBUTES = (CodeSignOnCopy, RemoveHeadersOnCopy, ); }; };
		0BC9B1571E30F5E7003D2843 /* ModelProtocol.swift in Sources */ = {isa = PBXBuildFile; fileRef = 0BC9B1561E30F5E7003D2843 /* ModelProtocol.swift */; };
		0BC9B1591E3405D1003D2843 /* Cartfile in Resources */ = {isa = PBXBuildFile; fileRef = 0BC9B1581E3405D1003D2843 /* Cartfile */; };
		0BC9B15E1E35271C003D2843 /* LearnAlphabetJSONReader.swift in Sources */ = {isa = PBXBuildFile; fileRef = 0BC9B15D1E35271C003D2843 /* LearnAlphabetJSONReader.swift */; };
		0BC9B1661E363C97003D2843 /* alphabets.json in Resources */ = {isa = PBXBuildFile; fileRef = 0BC9B1651E363C97003D2843 /* alphabets.json */; };
		0BDFBBF71E421FB800FF2730 /* ManagedObjectTypeProtocol.swift in Sources */ = {isa = PBXBuildFile; fileRef = 0BDFBBF61E421FB800FF2730 /* ManagedObjectTypeProtocol.swift */; };
		0BDFBBF91E42215400FF2730 /* Profile.swift in Sources */ = {isa = PBXBuildFile; fileRef = 0BDFBBF81E42215400FF2730 /* Profile.swift */; };
		0BDFBBFB1E42260D00FF2730 /* ProfileProgress.swift in Sources */ = {isa = PBXBuildFile; fileRef = 0BDFBBFA1E42260D00FF2730 /* ProfileProgress.swift */; };
		0BDFBBFD1E48BDED00FF2730 /* ProfileViewModel.swift in Sources */ = {isa = PBXBuildFile; fileRef = 0BDFBBFC1E48BDED00FF2730 /* ProfileViewModel.swift */; };
		0BF8D1691E3C8C4800B2739A /* ValidationModel.swift in Sources */ = {isa = PBXBuildFile; fileRef = 0BF8D1681E3C8C4800B2739A /* ValidationModel.swift */; };
		0BF8D16B1E3C8C5B00B2739A /* ProfileModel.swift in Sources */ = {isa = PBXBuildFile; fileRef = 0BF8D16A1E3C8C5B00B2739A /* ProfileModel.swift */; };
		E489E31A1C945D3800C5B11F /* AppDelegate.swift in Sources */ = {isa = PBXBuildFile; fileRef = E489E3191C945D3800C5B11F /* AppDelegate.swift */; };
		E489E31C1C945D3800C5B11F /* DrawingViewController.swift in Sources */ = {isa = PBXBuildFile; fileRef = E489E31B1C945D3800C5B11F /* DrawingViewController.swift */; };
		E489E31F1C945D3800C5B11F /* Main.storyboard in Resources */ = {isa = PBXBuildFile; fileRef = E489E31D1C945D3800C5B11F /* Main.storyboard */; };
		E489E3221C945D3800C5B11F /* LearnAlphabet.xcdatamodeld in Sources */ = {isa = PBXBuildFile; fileRef = E489E3201C945D3800C5B11F /* LearnAlphabet.xcdatamodeld */; };
		E489E3241C945D3800C5B11F /* Assets.xcassets in Resources */ = {isa = PBXBuildFile; fileRef = E489E3231C945D3800C5B11F /* Assets.xcassets */; };
		E489E3271C945D3800C5B11F /* LaunchScreen.storyboard in Resources */ = {isa = PBXBuildFile; fileRef = E489E3251C945D3800C5B11F /* LaunchScreen.storyboard */; };
		E489E3321C945D3800C5B11F /* LearnAlphabetTests.swift in Sources */ = {isa = PBXBuildFile; fileRef = E489E3311C945D3800C5B11F /* LearnAlphabetTests.swift */; };
		E489E33D1C945D3800C5B11F /* LearnAlphabetUITests.swift in Sources */ = {isa = PBXBuildFile; fileRef = E489E33C1C945D3800C5B11F /* LearnAlphabetUITests.swift */; };
		E4F145AA1E203EFB0078F3C3 /* ProfileViewModelProtocol.swift in Sources */ = {isa = PBXBuildFile; fileRef = E4F145A91E203EFB0078F3C3 /* ProfileViewModelProtocol.swift */; };
/* End PBXBuildFile section */

/* Begin PBXContainerItemProxy section */
		E489E32E1C945D3800C5B11F /* PBXContainerItemProxy */ = {
			isa = PBXContainerItemProxy;
			containerPortal = E489E30E1C945D3800C5B11F /* Project object */;
			proxyType = 1;
			remoteGlobalIDString = E489E3151C945D3800C5B11F;
			remoteInfo = LearnAlphabet;
		};
		E489E3391C945D3800C5B11F /* PBXContainerItemProxy */ = {
			isa = PBXContainerItemProxy;
			containerPortal = E489E30E1C945D3800C5B11F /* Project object */;
			proxyType = 1;
			remoteGlobalIDString = E489E3151C945D3800C5B11F;
			remoteInfo = LearnAlphabet;
		};
/* End PBXContainerItemProxy section */

/* Begin PBXCopyFilesBuildPhase section */
		0BC9B1551E3009E0003D2843 /* Embed Frameworks */ = {
			isa = PBXCopyFilesBuildPhase;
			buildActionMask = 2147483647;
			dstPath = "";
			dstSubfolderSpec = 10;
			files = (
				0BC9B1541E3009E0003D2843 /* Result.framework in Embed Frameworks */,
				0BC4ECBB1E65C2F000DFF288 /* Alamofire.framework in Embed Frameworks */,
				0BC9B1501E3009E0003D2843 /* ReactiveCocoa.framework in Embed Frameworks */,
				0BC9B1521E3009E0003D2843 /* ReactiveSwift.framework in Embed Frameworks */,
				0B9AA6F41E5F3AB20009E2D8 /* Gloss.framework in Embed Frameworks */,
				0B9AA6EF1E5DF91E0009E2D8 /* SnapKit.framework in Embed Frameworks */,
			);
			name = "Embed Frameworks";
			runOnlyForDeploymentPostprocessing = 0;
		};
/* End PBXCopyFilesBuildPhase section */

/* Begin PBXFileReference section */
		0B0F5B691E64406B00057F91 /* ModelData.swift */ = {isa = PBXFileReference; fileEncoding = 4; lastKnownFileType = sourcecode.swift; path = ModelData.swift; sourceTree = "<group>"; };
		0B0F5B6B1E645E1600057F91 /* AddProfileTableViewCell.swift */ = {isa = PBXFileReference; fileEncoding = 4; lastKnownFileType = sourcecode.swift; path = AddProfileTableViewCell.swift; sourceTree = "<group>"; };
		0B0F5B6D1E6463A300057F91 /* ProfileTableViewCell.swift */ = {isa = PBXFileReference; fileEncoding = 4; lastKnownFileType = sourcecode.swift; path = ProfileTableViewCell.swift; sourceTree = "<group>"; };
		0B31E8351E4FC3AB000B60B0 /* ProfileSelectTableViewController.swift */ = {isa = PBXFileReference; fileEncoding = 4; lastKnownFileType = sourcecode.swift; path = ProfileSelectTableViewController.swift; sourceTree = "<group>"; };
		0B3A41141E3BA7FB00E17EE7 /* Environment.swift */ = {isa = PBXFileReference; fileEncoding = 4; lastKnownFileType = sourcecode.swift; path = Environment.swift; sourceTree = "<group>"; };
		0B3A41161E3BAA3700E17EE7 /* CoreDataModel.swift */ = {isa = PBXFileReference; fileEncoding = 4; lastKnownFileType = sourcecode.swift; path = CoreDataModel.swift; sourceTree = "<group>"; };
		0B3A41181E3BFF2100E17EE7 /* LearnAlphabet.entitlements */ = {isa = PBXFileReference; lastKnownFileType = text.plist.entitlements; path = LearnAlphabet.entitlements; sourceTree = "<group>"; };
		0B3FFE991E13BFDC00CED55F /* LetterSelectionViewController.swift */ = {isa = PBXFileReference; fileEncoding = 4; lastKnownFileType = sourcecode.swift; path = LetterSelectionViewController.swift; sourceTree = "<group>"; };
		0B5631DA1E545CA500B22A3D /* ViewControllerProtocol.swift */ = {isa = PBXFileReference; fileEncoding = 4; lastKnownFileType = sourcecode.swift; path = ViewControllerProtocol.swift; sourceTree = "<group>"; };
		0B76B9161E3798EF00BCC419 /* SwiftyJSON.framework */ = {isa = PBXFileReference; lastKnownFileType = wrapper.framework; name = SwiftyJSON.framework; path = Carthage/Build/iOS/SwiftyJSON.framework; sourceTree = "<group>"; };
		0B76B9241E37A2A900BCC419 /* XCTest.framework */ = {isa = PBXFileReference; lastKnownFileType = wrapper.framework; name = XCTest.framework; path = Platforms/iPhoneOS.platform/Developer/Library/Frameworks/XCTest.framework; sourceTree = DEVELOPER_DIR; };
		0B76B9261E37A2D000BCC419 /* XCTest.framework */ = {isa = PBXFileReference; lastKnownFileType = wrapper.framework; name = XCTest.framework; path = Platforms/iPhoneOS.platform/Developer/Library/Frameworks/XCTest.framework; sourceTree = DEVELOPER_DIR; };
		0B76B9291E38EBAE00BCC419 /* avatars.json */ = {isa = PBXFileReference; fileEncoding = 4; lastKnownFileType = text.json; path = avatars.json; sourceTree = "<group>"; };
		0B9AA6ED1E5DF91E0009E2D8 /* SnapKit.framework */ = {isa = PBXFileReference; lastKnownFileType = wrapper.framework; name = SnapKit.framework; path = Carthage/Build/iOS/SnapKit.framework; sourceTree = "<group>"; };
		0B9AA6F11E5F3AA90009E2D8 /* Gloss.framework */ = {isa = PBXFileReference; lastKnownFileType = wrapper.framework; name = Gloss.framework; path = Carthage/Build/iOS/Gloss.framework; sourceTree = "<group>"; };
		0BC4ECB81E65C2E900DFF288 /* Alamofire.framework */ = {isa = PBXFileReference; lastKnownFileType = wrapper.framework; name = Alamofire.framework; path = Carthage/Build/iOS/Alamofire.framework; sourceTree = "<group>"; };
		0BC9B1491E3009E0003D2843 /* ReactiveCocoa.framework */ = {isa = PBXFileReference; lastKnownFileType = wrapper.framework; name = ReactiveCocoa.framework; path = Carthage/Build/iOS/ReactiveCocoa.framework; sourceTree = "<group>"; };
		0BC9B14B1E3009E0003D2843 /* ReactiveSwift.framework */ = {isa = PBXFileReference; lastKnownFileType = wrapper.framework; name = ReactiveSwift.framework; path = Carthage/Build/iOS/ReactiveSwift.framework; sourceTree = "<group>"; };
		0BC9B14D1E3009E0003D2843 /* Result.framework */ = {isa = PBXFileReference; lastKnownFileType = wrapper.framework; name = Result.framework; path = Carthage/Build/iOS/Result.framework; sourceTree = "<group>"; };
		0BC9B1561E30F5E7003D2843 /* ModelProtocol.swift */ = {isa = PBXFileReference; fileEncoding = 4; lastKnownFileType = sourcecode.swift; path = ModelProtocol.swift; sourceTree = "<group>"; };
		0BC9B1581E3405D1003D2843 /* Cartfile */ = {isa = PBXFileReference; fileEncoding = 4; lastKnownFileType = text; path = Cartfile; sourceTree = "<group>"; };
		0BC9B15D1E35271C003D2843 /* LearnAlphabetJSONReader.swift */ = {isa = PBXFileReference; fileEncoding = 4; lastKnownFileType = sourcecode.swift; path = LearnAlphabetJSONReader.swift; sourceTree = "<group>"; };
		0BC9B1651E363C97003D2843 /* alphabets.json */ = {isa = PBXFileReference; fileEncoding = 4; lastKnownFileType = text.json; path = alphabets.json; sourceTree = "<group>"; };
		0BDFBBF61E421FB800FF2730 /* ManagedObjectTypeProtocol.swift */ = {isa = PBXFileReference; fileEncoding = 4; lastKnownFileType = sourcecode.swift; path = ManagedObjectTypeProtocol.swift; sourceTree = "<group>"; };
		0BDFBBF81E42215400FF2730 /* Profile.swift */ = {isa = PBXFileReference; fileEncoding = 4; lastKnownFileType = sourcecode.swift; path = Profile.swift; sourceTree = "<group>"; };
		0BDFBBFA1E42260D00FF2730 /* ProfileProgress.swift */ = {isa = PBXFileReference; fileEncoding = 4; lastKnownFileType = sourcecode.swift; path = ProfileProgress.swift; sourceTree = "<group>"; };
		0BDFBBFC1E48BDED00FF2730 /* ProfileViewModel.swift */ = {isa = PBXFileReference; fileEncoding = 4; lastKnownFileType = sourcecode.swift; path = ProfileViewModel.swift; sourceTree = "<group>"; };
		0BF8D1681E3C8C4800B2739A /* ValidationModel.swift */ = {isa = PBXFileReference; fileEncoding = 4; lastKnownFileType = sourcecode.swift; path = ValidationModel.swift; sourceTree = "<group>"; };
		0BF8D16A1E3C8C5B00B2739A /* ProfileModel.swift */ = {isa = PBXFileReference; fileEncoding = 4; lastKnownFileType = sourcecode.swift; path = ProfileModel.swift; sourceTree = "<group>"; };
		E489E3161C945D3800C5B11F /* LearnAlphabet.app */ = {isa = PBXFileReference; explicitFileType = wrapper.application; includeInIndex = 0; path = LearnAlphabet.app; sourceTree = BUILT_PRODUCTS_DIR; };
		E489E3191C945D3800C5B11F /* AppDelegate.swift */ = {isa = PBXFileReference; lastKnownFileType = sourcecode.swift; path = AppDelegate.swift; sourceTree = "<group>"; };
		E489E31B1C945D3800C5B11F /* DrawingViewController.swift */ = {isa = PBXFileReference; lastKnownFileType = sourcecode.swift; path = DrawingViewController.swift; sourceTree = "<group>"; };
		E489E31E1C945D3800C5B11F /* Base */ = {isa = PBXFileReference; lastKnownFileType = file.storyboard; name = Base; path = Base.lproj/Main.storyboard; sourceTree = "<group>"; };
		E489E3211C945D3800C5B11F /* LearnAlphabet.xcdatamodel */ = {isa = PBXFileReference; lastKnownFileType = wrapper.xcdatamodel; path = LearnAlphabet.xcdatamodel; sourceTree = "<group>"; };
		E489E3231C945D3800C5B11F /* Assets.xcassets */ = {isa = PBXFileReference; lastKnownFileType = folder.assetcatalog; path = Assets.xcassets; sourceTree = "<group>"; };
		E489E3261C945D3800C5B11F /* Base */ = {isa = PBXFileReference; lastKnownFileType = file.storyboard; name = Base; path = Base.lproj/LaunchScreen.storyboard; sourceTree = "<group>"; };
		E489E3281C945D3800C5B11F /* Info.plist */ = {isa = PBXFileReference; lastKnownFileType = text.plist.xml; path = Info.plist; sourceTree = "<group>"; };
		E489E32D1C945D3800C5B11F /* LearnAlphabetTests.xctest */ = {isa = PBXFileReference; explicitFileType = wrapper.cfbundle; includeInIndex = 0; path = LearnAlphabetTests.xctest; sourceTree = BUILT_PRODUCTS_DIR; };
		E489E3311C945D3800C5B11F /* LearnAlphabetTests.swift */ = {isa = PBXFileReference; lastKnownFileType = sourcecode.swift; path = LearnAlphabetTests.swift; sourceTree = "<group>"; };
		E489E3331C945D3800C5B11F /* Info.plist */ = {isa = PBXFileReference; lastKnownFileType = text.plist.xml; path = Info.plist; sourceTree = "<group>"; };
		E489E3381C945D3800C5B11F /* LearnAlphabetUITests.xctest */ = {isa = PBXFileReference; explicitFileType = wrapper.cfbundle; includeInIndex = 0; path = LearnAlphabetUITests.xctest; sourceTree = BUILT_PRODUCTS_DIR; };
		E489E33C1C945D3800C5B11F /* LearnAlphabetUITests.swift */ = {isa = PBXFileReference; lastKnownFileType = sourcecode.swift; path = LearnAlphabetUITests.swift; sourceTree = "<group>"; };
		E489E33E1C945D3800C5B11F /* Info.plist */ = {isa = PBXFileReference; lastKnownFileType = text.plist.xml; path = Info.plist; sourceTree = "<group>"; };
		E4CD95331D08A4C9009BA750 /* AlphabetPlayground.playground */ = {isa = PBXFileReference; lastKnownFileType = file.playground; path = AlphabetPlayground.playground; sourceTree = "<group>"; };
		E4F145A91E203EFB0078F3C3 /* ProfileViewModelProtocol.swift */ = {isa = PBXFileReference; fileEncoding = 4; lastKnownFileType = sourcecode.swift; path = ProfileViewModelProtocol.swift; sourceTree = "<group>"; };
/* End PBXFileReference section */

/* Begin PBXFrameworksBuildPhase section */
		E489E3131C945D3800C5B11F /* Frameworks */ = {
			isa = PBXFrameworksBuildPhase;
			buildActionMask = 2147483647;
			files = (
				0BC4ECB91E65C2E900DFF288 /* Alamofire.framework in Frameworks */,
				0B9AA6F21E5F3AA90009E2D8 /* Gloss.framework in Frameworks */,
				0BC9B1531E3009E0003D2843 /* Result.framework in Frameworks */,
				0BC9B14F1E3009E0003D2843 /* ReactiveCocoa.framework in Frameworks */,
				0BC4ECBA1E65C2F000DFF288 /* Alamofire.framework in Frameworks */,
				0BC9B1511E3009E0003D2843 /* ReactiveSwift.framework in Frameworks */,
				0B9AA6EE1E5DF91E0009E2D8 /* SnapKit.framework in Frameworks */,
			);
			runOnlyForDeploymentPostprocessing = 0;
		};
		E489E32A1C945D3800C5B11F /* Frameworks */ = {
			isa = PBXFrameworksBuildPhase;
			buildActionMask = 2147483647;
			files = (
				0B76B9281E37A2D000BCC419 /* XCTest.framework in Frameworks */,
			);
			runOnlyForDeploymentPostprocessing = 0;
		};
		E489E3351C945D3800C5B11F /* Frameworks */ = {
			isa = PBXFrameworksBuildPhase;
			buildActionMask = 2147483647;
			files = (
			);
			runOnlyForDeploymentPostprocessing = 0;
		};
/* End PBXFrameworksBuildPhase section */

/* Begin PBXGroup section */
		0B3A41121E3B94E200E17EE7 /* CoreData */ = {
			isa = PBXGroup;
			children = (
				0BDFBBF81E42215400FF2730 /* Profile.swift */,
				0BDFBBFA1E42260D00FF2730 /* ProfileProgress.swift */,
				0B3A41161E3BAA3700E17EE7 /* CoreDataModel.swift */,
				0BDFBBF61E421FB800FF2730 /* ManagedObjectTypeProtocol.swift */,
			);
			name = CoreData;
			sourceTree = "<group>";
		};
		0B3FFE951E13BF0F00CED55F /* Models */ = {
			isa = PBXGroup;
			children = (
				0B3A41121E3B94E200E17EE7 /* CoreData */,
				0BC9B1561E30F5E7003D2843 /* ModelProtocol.swift */,
				0B0F5B691E64406B00057F91 /* ModelData.swift */,
				0BF8D1681E3C8C4800B2739A /* ValidationModel.swift */,
				0BF8D16A1E3C8C5B00B2739A /* ProfileModel.swift */,
				0BC9B15D1E35271C003D2843 /* LearnAlphabetJSONReader.swift */,
				0B3A41141E3BA7FB00E17EE7 /* Environment.swift */,
			);
			name = Models;
			sourceTree = "<group>";
		};
		0B3FFE961E13BF1700CED55F /* Views */ = {
			isa = PBXGroup;
			children = (
				0B9AA6F01E5EF3280009E2D8 /* ProfileSelect */,
				E489E31B1C945D3800C5B11F /* DrawingViewController.swift */,
				0B3FFE991E13BFDC00CED55F /* LetterSelectionViewController.swift */,
				0B5631DA1E545CA500B22A3D /* ViewControllerProtocol.swift */,
			);
			name = Views;
			sourceTree = "<group>";
		};
		0B3FFE971E13BF1E00CED55F /* ViewModels */ = {
			isa = PBXGroup;
			children = (
				E4F145A91E203EFB0078F3C3 /* ProfileViewModelProtocol.swift */,
				0BDFBBFC1E48BDED00FF2730 /* ProfileViewModel.swift */,
			);
			name = ViewModels;
			sourceTree = "<group>";
		};
		0B3FFE981E13BF3300CED55F /* Resources */ = {
			isa = PBXGroup;
			children = (
				E489E3251C945D3800C5B11F /* LaunchScreen.storyboard */,
				E489E31D1C945D3800C5B11F /* Main.storyboard */,
				E489E3231C945D3800C5B11F /* Assets.xcassets */,
				E489E3281C945D3800C5B11F /* Info.plist */,
				E489E3201C945D3800C5B11F /* LearnAlphabet.xcdatamodeld */,
			);
			name = Resources;
			sourceTree = "<group>";
		};
		0B76B9151E3798EF00BCC419 /* Frameworks */ = {
			isa = PBXGroup;
			children = (
				0BC4ECB81E65C2E900DFF288 /* Alamofire.framework */,
				0B9AA6F11E5F3AA90009E2D8 /* Gloss.framework */,
				0B76B9241E37A2A900BCC419 /* XCTest.framework */,
				0B76B9161E3798EF00BCC419 /* SwiftyJSON.framework */,
			);
			name = Frameworks;
			sourceTree = "<group>";
		};
		0B9AA6F01E5EF3280009E2D8 /* ProfileSelect */ = {
			isa = PBXGroup;
			children = (
				0B31E8351E4FC3AB000B60B0 /* ProfileSelectTableViewController.swift */,
				0B0F5B6B1E645E1600057F91 /* AddProfileTableViewCell.swift */,
				0B0F5B6D1E6463A300057F91 /* ProfileTableViewCell.swift */,
			);
			name = ProfileSelect;
			sourceTree = "<group>";
		};
		E489E30D1C945D3700C5B11F = {
			isa = PBXGroup;
			children = (
				0BC9B1651E363C97003D2843 /* alphabets.json */,
				0B76B9291E38EBAE00BCC419 /* avatars.json */,
				0BC9B1581E3405D1003D2843 /* Cartfile */,
				0B9AA6ED1E5DF91E0009E2D8 /* SnapKit.framework */,
				0B76B9261E37A2D000BCC419 /* XCTest.framework */,
				0BC9B1491E3009E0003D2843 /* ReactiveCocoa.framework */,
				0BC9B14B1E3009E0003D2843 /* ReactiveSwift.framework */,
				0BC9B14D1E3009E0003D2843 /* Result.framework */,
				E489E3181C945D3800C5B11F /* LearnAlphabet */,
				E489E3301C945D3800C5B11F /* LearnAlphabetTests */,
				E489E33B1C945D3800C5B11F /* LearnAlphabetUITests */,
				E489E3171C945D3800C5B11F /* Products */,
				0B76B9151E3798EF00BCC419 /* Frameworks */,
			);
			sourceTree = "<group>";
		};
		E489E3171C945D3800C5B11F /* Products */ = {
			isa = PBXGroup;
			children = (
				E489E3161C945D3800C5B11F /* LearnAlphabet.app */,
				E489E32D1C945D3800C5B11F /* LearnAlphabetTests.xctest */,
				E489E3381C945D3800C5B11F /* LearnAlphabetUITests.xctest */,
			);
			name = Products;
			sourceTree = "<group>";
		};
		E489E3181C945D3800C5B11F /* LearnAlphabet */ = {
			isa = PBXGroup;
			children = (
				0B3A41181E3BFF2100E17EE7 /* LearnAlphabet.entitlements */,
				0B3FFE981E13BF3300CED55F /* Resources */,
				0B3FFE951E13BF0F00CED55F /* Models */,
				0B3FFE971E13BF1E00CED55F /* ViewModels */,
				0B3FFE961E13BF1700CED55F /* Views */,
				E489E3191C945D3800C5B11F /* AppDelegate.swift */,
				E4CD95331D08A4C9009BA750 /* AlphabetPlayground.playground */,
			);
			path = LearnAlphabet;
			sourceTree = "<group>";
		};
		E489E3301C945D3800C5B11F /* LearnAlphabetTests */ = {
			isa = PBXGroup;
			children = (
				E489E3311C945D3800C5B11F /* LearnAlphabetTests.swift */,
				E489E3331C945D3800C5B11F /* Info.plist */,
			);
			path = LearnAlphabetTests;
			sourceTree = "<group>";
		};
		E489E33B1C945D3800C5B11F /* LearnAlphabetUITests */ = {
			isa = PBXGroup;
			children = (
				E489E33C1C945D3800C5B11F /* LearnAlphabetUITests.swift */,
				E489E33E1C945D3800C5B11F /* Info.plist */,
			);
			path = LearnAlphabetUITests;
			sourceTree = "<group>";
		};
/* End PBXGroup section */

/* Begin PBXNativeTarget section */
		E489E3151C945D3800C5B11F /* LearnAlphabet */ = {
			isa = PBXNativeTarget;
			buildConfigurationList = E489E3411C945D3800C5B11F /* Build configuration list for PBXNativeTarget "LearnAlphabet" */;
			buildPhases = (
				E489E3121C945D3800C5B11F /* Sources */,
				E489E3131C945D3800C5B11F /* Frameworks */,
				E489E3141C945D3800C5B11F /* Resources */,
				0BC9B1551E3009E0003D2843 /* Embed Frameworks */,
			);
			buildRules = (
			);
			dependencies = (
			);
			name = LearnAlphabet;
			productName = LearnAlphabet;
			productReference = E489E3161C945D3800C5B11F /* LearnAlphabet.app */;
			productType = "com.apple.product-type.application";
		};
		E489E32C1C945D3800C5B11F /* LearnAlphabetTests */ = {
			isa = PBXNativeTarget;
			buildConfigurationList = E489E3441C945D3800C5B11F /* Build configuration list for PBXNativeTarget "LearnAlphabetTests" */;
			buildPhases = (
				E489E3291C945D3800C5B11F /* Sources */,
				E489E32A1C945D3800C5B11F /* Frameworks */,
				E489E32B1C945D3800C5B11F /* Resources */,
			);
			buildRules = (
			);
			dependencies = (
				E489E32F1C945D3800C5B11F /* PBXTargetDependency */,
			);
			name = LearnAlphabetTests;
			productName = LearnAlphabetTests;
			productReference = E489E32D1C945D3800C5B11F /* LearnAlphabetTests.xctest */;
			productType = "com.apple.product-type.bundle.unit-test";
		};
		E489E3371C945D3800C5B11F /* LearnAlphabetUITests */ = {
			isa = PBXNativeTarget;
			buildConfigurationList = E489E3471C945D3800C5B11F /* Build configuration list for PBXNativeTarget "LearnAlphabetUITests" */;
			buildPhases = (
				E489E3341C945D3800C5B11F /* Sources */,
				E489E3351C945D3800C5B11F /* Frameworks */,
				E489E3361C945D3800C5B11F /* Resources */,
			);
			buildRules = (
			);
			dependencies = (
				E489E33A1C945D3800C5B11F /* PBXTargetDependency */,
			);
			name = LearnAlphabetUITests;
			productName = LearnAlphabetUITests;
			productReference = E489E3381C945D3800C5B11F /* LearnAlphabetUITests.xctest */;
			productType = "com.apple.product-type.bundle.ui-testing";
		};
/* End PBXNativeTarget section */

/* Begin PBXProject section */
		E489E30E1C945D3800C5B11F /* Project object */ = {
			isa = PBXProject;
			attributes = {
				LastSwiftUpdateCheck = 0720;
				LastUpgradeCheck = 0820;
				ORGANIZATIONNAME = "Bratislav Ljubisic";
				TargetAttributes = {
					E489E3151C945D3800C5B11F = {
						CreatedOnToolsVersion = 7.2.1;
						DevelopmentTeam = ENT89NLKC9;
						LastSwiftMigration = 0800;
						ProvisioningStyle = Automatic;
						SystemCapabilities = {
							com.apple.ApplicationGroups.iOS = {
								enabled = 1;
							};
						};
					};
					E489E32C1C945D3800C5B11F = {
						CreatedOnToolsVersion = 7.2.1;
						DevelopmentTeam = ENT89NLKC9;
						LastSwiftMigration = 0800;
						TestTargetID = E489E3151C945D3800C5B11F;
					};
					E489E3371C945D3800C5B11F = {
						CreatedOnToolsVersion = 7.2.1;
						LastSwiftMigration = 0800;
						TestTargetID = E489E3151C945D3800C5B11F;
					};
				};
			};
			buildConfigurationList = E489E3111C945D3800C5B11F /* Build configuration list for PBXProject "LearnAlphabet" */;
			compatibilityVersion = "Xcode 3.2";
			developmentRegion = English;
			hasScannedForEncodings = 0;
			knownRegions = (
				en,
				Base,
			);
			mainGroup = E489E30D1C945D3700C5B11F;
			productRefGroup = E489E3171C945D3800C5B11F /* Products */;
			projectDirPath = "";
			projectRoot = "";
			targets = (
				E489E3151C945D3800C5B11F /* LearnAlphabet */,
				E489E32C1C945D3800C5B11F /* LearnAlphabetTests */,
				E489E3371C945D3800C5B11F /* LearnAlphabetUITests */,
			);
		};
/* End PBXProject section */

/* Begin PBXResourcesBuildPhase section */
		E489E3141C945D3800C5B11F /* Resources */ = {
			isa = PBXResourcesBuildPhase;
			buildActionMask = 2147483647;
			files = (
				E489E3271C945D3800C5B11F /* LaunchScreen.storyboard in Resources */,
				0BC9B1661E363C97003D2843 /* alphabets.json in Resources */,
				0B76B92A1E38EBAE00BCC419 /* avatars.json in Resources */,
				E489E3241C945D3800C5B11F /* Assets.xcassets in Resources */,
				0BC9B1591E3405D1003D2843 /* Cartfile in Resources */,
				E489E31F1C945D3800C5B11F /* Main.storyboard in Resources */,
			);
			runOnlyForDeploymentPostprocessing = 0;
		};
		E489E32B1C945D3800C5B11F /* Resources */ = {
			isa = PBXResourcesBuildPhase;
			buildActionMask = 2147483647;
			files = (
				0B76B92B1E38EBAE00BCC419 /* avatars.json in Resources */,
			);
			runOnlyForDeploymentPostprocessing = 0;
		};
		E489E3361C945D3800C5B11F /* Resources */ = {
			isa = PBXResourcesBuildPhase;
			buildActionMask = 2147483647;
			files = (
			);
			runOnlyForDeploymentPostprocessing = 0;
		};
/* End PBXResourcesBuildPhase section */

/* Begin PBXSourcesBuildPhase section */
		E489E3121C945D3800C5B11F /* Sources */ = {
			isa = PBXSourcesBuildPhase;
			buildActionMask = 2147483647;
			files = (
				0BDFBBFB1E42260D00FF2730 /* ProfileProgress.swift in Sources */,
				0BF8D16B1E3C8C5B00B2739A /* ProfileModel.swift in Sources */,
				0B3A41151E3BA7FB00E17EE7 /* Environment.swift in Sources */,
				0B5631DB1E545CA500B22A3D /* ViewControllerProtocol.swift in Sources */,
				0BDFBBF71E421FB800FF2730 /* ManagedObjectTypeProtocol.swift in Sources */,
				0B0F5B6C1E645E1600057F91 /* AddProfileTableViewCell.swift in Sources */,
				0BDFBBF91E42215400FF2730 /* Profile.swift in Sources */,
				0BF8D1691E3C8C4800B2739A /* ValidationModel.swift in Sources */,
				E4F145AA1E203EFB0078F3C3 /* ProfileViewModelProtocol.swift in Sources */,
				0BC9B15E1E35271C003D2843 /* LearnAlphabetJSONReader.swift in Sources */,
				0B3A41171E3BAA3700E17EE7 /* CoreDataModel.swift in Sources */,
				0B31E8361E4FC3AB000B60B0 /* ProfileSelectTableViewController.swift in Sources */,
				0B0F5B6A1E64406B00057F91 /* ModelData.swift in Sources */,
				0B0F5B6E1E6463A300057F91 /* ProfileTableViewCell.swift in Sources */,
				0BDFBBFD1E48BDED00FF2730 /* ProfileViewModel.swift in Sources */,
				0BC9B1571E30F5E7003D2843 /* ModelProtocol.swift in Sources */,
				E489E3221C945D3800C5B11F /* LearnAlphabet.xcdatamodeld in Sources */,
				E489E31C1C945D3800C5B11F /* DrawingViewController.swift in Sources */,
				E489E31A1C945D3800C5B11F /* AppDelegate.swift in Sources */,
				0B3FFE9A1E13BFDD00CED55F /* LetterSelectionViewController.swift in Sources */,
			);
			runOnlyForDeploymentPostprocessing = 0;
		};
		E489E3291C945D3800C5B11F /* Sources */ = {
			isa = PBXSourcesBuildPhase;
			buildActionMask = 2147483647;
			files = (
				E489E3321C945D3800C5B11F /* LearnAlphabetTests.swift in Sources */,
			);
			runOnlyForDeploymentPostprocessing = 0;
		};
		E489E3341C945D3800C5B11F /* Sources */ = {
			isa = PBXSourcesBuildPhase;
			buildActionMask = 2147483647;
			files = (
				E489E33D1C945D3800C5B11F /* LearnAlphabetUITests.swift in Sources */,
			);
			runOnlyForDeploymentPostprocessing = 0;
		};
/* End PBXSourcesBuildPhase section */

/* Begin PBXTargetDependency section */
		E489E32F1C945D3800C5B11F /* PBXTargetDependency */ = {
			isa = PBXTargetDependency;
			target = E489E3151C945D3800C5B11F /* LearnAlphabet */;
			targetProxy = E489E32E1C945D3800C5B11F /* PBXContainerItemProxy */;
		};
		E489E33A1C945D3800C5B11F /* PBXTargetDependency */ = {
			isa = PBXTargetDependency;
			target = E489E3151C945D3800C5B11F /* LearnAlphabet */;
			targetProxy = E489E3391C945D3800C5B11F /* PBXContainerItemProxy */;
		};
/* End PBXTargetDependency section */

/* Begin PBXVariantGroup section */
		E489E31D1C945D3800C5B11F /* Main.storyboard */ = {
			isa = PBXVariantGroup;
			children = (
				E489E31E1C945D3800C5B11F /* Base */,
			);
			name = Main.storyboard;
			sourceTree = "<group>";
		};
		E489E3251C945D3800C5B11F /* LaunchScreen.storyboard */ = {
			isa = PBXVariantGroup;
			children = (
				E489E3261C945D3800C5B11F /* Base */,
			);
			name = LaunchScreen.storyboard;
			sourceTree = "<group>";
		};
/* End PBXVariantGroup section */

/* Begin XCBuildConfiguration section */
		E489E33F1C945D3800C5B11F /* Debug */ = {
			isa = XCBuildConfiguration;
			buildSettings = {
				ALWAYS_SEARCH_USER_PATHS = NO;
				CLANG_CXX_LANGUAGE_STANDARD = "gnu++0x";
				CLANG_CXX_LIBRARY = "libc++";
				CLANG_ENABLE_MODULES = YES;
				CLANG_ENABLE_OBJC_ARC = YES;
				CLANG_WARN_BOOL_CONVERSION = YES;
				CLANG_WARN_CONSTANT_CONVERSION = YES;
				CLANG_WARN_DIRECT_OBJC_ISA_USAGE = YES_ERROR;
				CLANG_WARN_EMPTY_BODY = YES;
				CLANG_WARN_ENUM_CONVERSION = YES;
				CLANG_WARN_INFINITE_RECURSION = YES;
				CLANG_WARN_INT_CONVERSION = YES;
				CLANG_WARN_OBJC_ROOT_CLASS = YES_ERROR;
				CLANG_WARN_SUSPICIOUS_MOVE = YES;
				CLANG_WARN_UNREACHABLE_CODE = YES;
				CLANG_WARN__DUPLICATE_METHOD_MATCH = YES;
				"CODE_SIGN_IDENTITY[sdk=iphoneos*]" = "iPhone Developer";
				COPY_PHASE_STRIP = NO;
				DEBUG_INFORMATION_FORMAT = dwarf;
				ENABLE_STRICT_OBJC_MSGSEND = YES;
				ENABLE_TESTABILITY = YES;
				GCC_C_LANGUAGE_STANDARD = gnu99;
				GCC_DYNAMIC_NO_PIC = NO;
				GCC_NO_COMMON_BLOCKS = YES;
				GCC_OPTIMIZATION_LEVEL = 0;
				GCC_PREPROCESSOR_DEFINITIONS = (
					"DEBUG=1",
					"$(inherited)",
				);
				GCC_WARN_64_TO_32_BIT_CONVERSION = YES;
				GCC_WARN_ABOUT_RETURN_TYPE = YES_ERROR;
				GCC_WARN_UNDECLARED_SELECTOR = YES;
				GCC_WARN_UNINITIALIZED_AUTOS = YES_AGGRESSIVE;
				GCC_WARN_UNUSED_FUNCTION = YES;
				GCC_WARN_UNUSED_VARIABLE = YES;
				IPHONEOS_DEPLOYMENT_TARGET = 9.2;
				MTL_ENABLE_DEBUG_INFO = YES;
				ONLY_ACTIVE_ARCH = YES;
				SDKROOT = iphoneos;
				SWIFT_OPTIMIZATION_LEVEL = "-Onone";
				TARGETED_DEVICE_FAMILY = "1,2";
			};
			name = Debug;
		};
		E489E3401C945D3800C5B11F /* Release */ = {
			isa = XCBuildConfiguration;
			buildSettings = {
				ALWAYS_SEARCH_USER_PATHS = NO;
				CLANG_CXX_LANGUAGE_STANDARD = "gnu++0x";
				CLANG_CXX_LIBRARY = "libc++";
				CLANG_ENABLE_MODULES = YES;
				CLANG_ENABLE_OBJC_ARC = YES;
				CLANG_WARN_BOOL_CONVERSION = YES;
				CLANG_WARN_CONSTANT_CONVERSION = YES;
				CLANG_WARN_DIRECT_OBJC_ISA_USAGE = YES_ERROR;
				CLANG_WARN_EMPTY_BODY = YES;
				CLANG_WARN_ENUM_CONVERSION = YES;
				CLANG_WARN_INFINITE_RECURSION = YES;
				CLANG_WARN_INT_CONVERSION = YES;
				CLANG_WARN_OBJC_ROOT_CLASS = YES_ERROR;
				CLANG_WARN_SUSPICIOUS_MOVE = YES;
				CLANG_WARN_UNREACHABLE_CODE = YES;
				CLANG_WARN__DUPLICATE_METHOD_MATCH = YES;
				"CODE_SIGN_IDENTITY[sdk=iphoneos*]" = "iPhone Developer";
				COPY_PHASE_STRIP = NO;
				DEBUG_INFORMATION_FORMAT = "dwarf-with-dsym";
				ENABLE_NS_ASSERTIONS = NO;
				ENABLE_STRICT_OBJC_MSGSEND = YES;
				GCC_C_LANGUAGE_STANDARD = gnu99;
				GCC_NO_COMMON_BLOCKS = YES;
				GCC_WARN_64_TO_32_BIT_CONVERSION = YES;
				GCC_WARN_ABOUT_RETURN_TYPE = YES_ERROR;
				GCC_WARN_UNDECLARED_SELECTOR = YES;
				GCC_WARN_UNINITIALIZED_AUTOS = YES_AGGRESSIVE;
				GCC_WARN_UNUSED_FUNCTION = YES;
				GCC_WARN_UNUSED_VARIABLE = YES;
				IPHONEOS_DEPLOYMENT_TARGET = 9.2;
				MTL_ENABLE_DEBUG_INFO = NO;
				SDKROOT = iphoneos;
				SWIFT_OPTIMIZATION_LEVEL = "-Owholemodule";
				TARGETED_DEVICE_FAMILY = "1,2";
				VALIDATE_PRODUCT = YES;
			};
			name = Release;
		};
		E489E3421C945D3800C5B11F /* Debug */ = {
			isa = XCBuildConfiguration;
			buildSettings = {
				ASSETCATALOG_COMPILER_APPICON_NAME = AppIcon;
				ASSETCATALOG_COMPILER_LAUNCHIMAGE_NAME = LaunchImage;
				CODE_SIGN_ENTITLEMENTS = LearnAlphabet/LearnAlphabet.entitlements;
				"CODE_SIGN_IDENTITY[sdk=iphoneos*]" = "iPhone Developer";
				DEVELOPMENT_TEAM = ENT89NLKC9;
				FRAMEWORK_SEARCH_PATHS = (
					"$(inherited)",
					"$(PROJECT_DIR)/Carthage/Build/iOS",
				);
				INFOPLIST_FILE = LearnAlphabet/Info.plist;
				LD_RUNPATH_SEARCH_PATHS = "$(inherited) @executable_path/Frameworks";
				PRODUCT_BUNDLE_IDENTIFIER = PerSuKiBo.LearnAlphabet;
				PRODUCT_NAME = "$(TARGET_NAME)";
				PROVISIONING_PROFILE = "";
				PROVISIONING_PROFILE_SPECIFIER = "";
				SWIFT_VERSION = 3.0;
			};
			name = Debug;
		};
		E489E3431C945D3800C5B11F /* Release */ = {
			isa = XCBuildConfiguration;
			buildSettings = {
				ASSETCATALOG_COMPILER_APPICON_NAME = AppIcon;
				ASSETCATALOG_COMPILER_LAUNCHIMAGE_NAME = LaunchImage;
				CODE_SIGN_ENTITLEMENTS = LearnAlphabet/LearnAlphabet.entitlements;
				"CODE_SIGN_IDENTITY[sdk=iphoneos*]" = "iPhone Developer";
				DEVELOPMENT_TEAM = ENT89NLKC9;
				FRAMEWORK_SEARCH_PATHS = (
					"$(inherited)",
					"$(PROJECT_DIR)/Carthage/Build/iOS",
				);
				INFOPLIST_FILE = LearnAlphabet/Info.plist;
				LD_RUNPATH_SEARCH_PATHS = "$(inherited) @executable_path/Frameworks";
				PRODUCT_BUNDLE_IDENTIFIER = PerSuKiBo.LearnAlphabet;
				PRODUCT_NAME = "$(TARGET_NAME)";
				SWIFT_VERSION = 3.0;
			};
			name = Release;
		};
		E489E3451C945D3800C5B11F /* Debug */ = {
			isa = XCBuildConfiguration;
			buildSettings = {
				BUNDLE_LOADER = "$(TEST_HOST)";
				DEVELOPMENT_TEAM = ENT89NLKC9;
				FRAMEWORK_SEARCH_PATHS = (
					"$(inherited)",
					"$(PROJECT_DIR)/Carthage/Build/iOS",
				);
				INFOPLIST_FILE = LearnAlphabetTests/Info.plist;
				LD_RUNPATH_SEARCH_PATHS = "$(inherited) @executable_path/Frameworks @loader_path/Frameworks";
				PRODUCT_BUNDLE_IDENTIFIER = PerSuKiBo.LearnAlphabetTests;
				PRODUCT_NAME = "$(TARGET_NAME)";
				SWIFT_VERSION = 3.0;
				TEST_HOST = "$(BUILT_PRODUCTS_DIR)/LearnAlphabet.app/LearnAlphabet";
			};
			name = Debug;
		};
		E489E3461C945D3800C5B11F /* Release */ = {
			isa = XCBuildConfiguration;
			buildSettings = {
				BUNDLE_LOADER = "$(TEST_HOST)";
				DEVELOPMENT_TEAM = ENT89NLKC9;
				FRAMEWORK_SEARCH_PATHS = (
					"$(inherited)",
					"$(PROJECT_DIR)/Carthage/Build/iOS",
				);
				INFOPLIST_FILE = LearnAlphabetTests/Info.plist;
				LD_RUNPATH_SEARCH_PATHS = "$(inherited) @executable_path/Frameworks @loader_path/Frameworks";
				PRODUCT_BUNDLE_IDENTIFIER = PerSuKiBo.LearnAlphabetTests;
				PRODUCT_NAME = "$(TARGET_NAME)";
				SWIFT_VERSION = 3.0;
				TEST_HOST = "$(BUILT_PRODUCTS_DIR)/LearnAlphabet.app/LearnAlphabet";
			};
			name = Release;
		};
		E489E3481C945D3800C5B11F /* Debug */ = {
			isa = XCBuildConfiguration;
			buildSettings = {
				INFOPLIST_FILE = LearnAlphabetUITests/Info.plist;
				LD_RUNPATH_SEARCH_PATHS = "$(inherited) @executable_path/Frameworks @loader_path/Frameworks";
				PRODUCT_BUNDLE_IDENTIFIER = PerSuKiBo.LearnAlphabetUITests;
				PRODUCT_NAME = "$(TARGET_NAME)";
				SWIFT_VERSION = 3.0;
				TEST_TARGET_NAME = LearnAlphabet;
				USES_XCTRUNNER = YES;
			};
			name = Debug;
		};
		E489E3491C945D3800C5B11F /* Release */ = {
			isa = XCBuildConfiguration;
			buildSettings = {
				INFOPLIST_FILE = LearnAlphabetUITests/Info.plist;
				LD_RUNPATH_SEARCH_PATHS = "$(inherited) @executable_path/Frameworks @loader_path/Frameworks";
				PRODUCT_BUNDLE_IDENTIFIER = PerSuKiBo.LearnAlphabetUITests;
				PRODUCT_NAME = "$(TARGET_NAME)";
				SWIFT_VERSION = 3.0;
				TEST_TARGET_NAME = LearnAlphabet;
				USES_XCTRUNNER = YES;
			};
			name = Release;
		};
/* End XCBuildConfiguration section */

/* Begin XCConfigurationList section */
		E489E3111C945D3800C5B11F /* Build configuration list for PBXProject "LearnAlphabet" */ = {
			isa = XCConfigurationList;
			buildConfigurations = (
				E489E33F1C945D3800C5B11F /* Debug */,
				E489E3401C945D3800C5B11F /* Release */,
			);
			defaultConfigurationIsVisible = 0;
			defaultConfigurationName = Release;
		};
		E489E3411C945D3800C5B11F /* Build configuration list for PBXNativeTarget "LearnAlphabet" */ = {
			isa = XCConfigurationList;
			buildConfigurations = (
				E489E3421C945D3800C5B11F /* Debug */,
				E489E3431C945D3800C5B11F /* Release */,
			);
			defaultConfigurationIsVisible = 0;
			defaultConfigurationName = Release;
		};
		E489E3441C945D3800C5B11F /* Build configuration list for PBXNativeTarget "LearnAlphabetTests" */ = {
			isa = XCConfigurationList;
			buildConfigurations = (
				E489E3451C945D3800C5B11F /* Debug */,
				E489E3461C945D3800C5B11F /* Release */,
			);
			defaultConfigurationIsVisible = 0;
			defaultConfigurationName = Release;
		};
		E489E3471C945D3800C5B11F /* Build configuration list for PBXNativeTarget "LearnAlphabetUITests" */ = {
			isa = XCConfigurationList;
			buildConfigurations = (
				E489E3481C945D3800C5B11F /* Debug */,
				E489E3491C945D3800C5B11F /* Release */,
			);
			defaultConfigurationIsVisible = 0;
			defaultConfigurationName = Release;
		};
/* End XCConfigurationList section */

/* Begin XCVersionGroup section */
		E489E3201C945D3800C5B11F /* LearnAlphabet.xcdatamodeld */ = {
			isa = XCVersionGroup;
			children = (
				E489E3211C945D3800C5B11F /* LearnAlphabet.xcdatamodel */,
			);
			currentVersion = E489E3211C945D3800C5B11F /* LearnAlphabet.xcdatamodel */;
			path = LearnAlphabet.xcdatamodeld;
			sourceTree = "<group>";
			versionGroupType = wrapper.xcdatamodel;
		};
/* End XCVersionGroup section */
	};
	rootObject = E489E30E1C945D3800C5B11F /* Project object */;
}
